// !$*UTF8*$!
{
	archiveVersion = 1;
	classes = {
	};
	objectVersion = 50;
	objects = {

/* Begin PBXBuildFile section */
		201D6BE52742B61800C11EB1 /* AppDelegate.swift in Sources */ = {isa = PBXBuildFile; fileRef = 201D6BE42742B61800C11EB1 /* AppDelegate.swift */; };
		201D6BE72742B61800C11EB1 /* SceneDelegate.swift in Sources */ = {isa = PBXBuildFile; fileRef = 201D6BE62742B61800C11EB1 /* SceneDelegate.swift */; };
		201D6BEC2742B61800C11EB1 /* Main.storyboard in Resources */ = {isa = PBXBuildFile; fileRef = 201D6BEA2742B61800C11EB1 /* Main.storyboard */; };
		201D6BEE2742B62300C11EB1 /* Assets.xcassets in Resources */ = {isa = PBXBuildFile; fileRef = 201D6BED2742B62300C11EB1 /* Assets.xcassets */; };
		201D6BF12742B62300C11EB1 /* LaunchScreen.storyboard in Resources */ = {isa = PBXBuildFile; fileRef = 201D6BEF2742B62300C11EB1 /* LaunchScreen.storyboard */; };
		201D6C222742CBF300C11EB1 /* Nickainley-Normal.otf in Resources */ = {isa = PBXBuildFile; fileRef = 201D6C212742CBF200C11EB1 /* Nickainley-Normal.otf */; };
		202CBD6327FDCBB20004ED95 /* AspectSettings.swift in Sources */ = {isa = PBXBuildFile; fileRef = 202CBD6227FDCBB20004ED95 /* AspectSettings.swift */; };
		202CBD6F27FDD41B0004ED95 /* Currency.swift in Sources */ = {isa = PBXBuildFile; fileRef = 202CBD6E27FDD41B0004ED95 /* Currency.swift */; };
		202CBD7527FDD46F0004ED95 /* Language.swift in Sources */ = {isa = PBXBuildFile; fileRef = 202CBD7427FDD46F0004ED95 /* Language.swift */; };
		202CBD7927FDD4BC0004ED95 /* CityCode.swift in Sources */ = {isa = PBXBuildFile; fileRef = 202CBD7827FDD4BC0004ED95 /* CityCode.swift */; };
		20774ED8275519B70075528C /* Traductor.swift in Sources */ = {isa = PBXBuildFile; fileRef = 20774ED7275519B70075528C /* Traductor.swift */; };
		20774EE12757BD6D0075528C /* Weather.swift in Sources */ = {isa = PBXBuildFile; fileRef = 20774EE02757BD6D0075528C /* Weather.swift */; };
		20774EE9275960C60075528C /* String+Extension.swift in Sources */ = {isa = PBXBuildFile; fileRef = 20774EE8275960C60075528C /* String+Extension.swift */; };
		20774EF1275A360D0075528C /* ChangeRateServiceTestCase.swift in Sources */ = {isa = PBXBuildFile; fileRef = 20774EF0275A360D0075528C /* ChangeRateServiceTestCase.swift */; };
		20774EF9275A362C0075528C /* TraductorServiceTestCase.swift in Sources */ = {isa = PBXBuildFile; fileRef = 20774EF8275A362C0075528C /* TraductorServiceTestCase.swift */; };
		20774EFE275A364D0075528C /* WeatherServiceTestCase.swift in Sources */ = {isa = PBXBuildFile; fileRef = 20774EFD275A364D0075528C /* WeatherServiceTestCase.swift */; };
		20774F0E275A65D50075528C /* URLSessionFake.swift in Sources */ = {isa = PBXBuildFile; fileRef = 20774F0D275A65D50075528C /* URLSessionFake.swift */; };
		20774F19275A756B0075528C /* ChangeRate.json in Resources */ = {isa = PBXBuildFile; fileRef = 20774F18275A756B0075528C /* ChangeRate.json */; };
		20774F21275A75EA0075528C /* FakeChangeRateResponseData.swift in Sources */ = {isa = PBXBuildFile; fileRef = 20774F20275A75EA0075528C /* FakeChangeRateResponseData.swift */; };
		20774F26275A77BD0075528C /* FakeTraductorResponseData.swift in Sources */ = {isa = PBXBuildFile; fileRef = 20774F25275A77BD0075528C /* FakeTraductorResponseData.swift */; };
		20774F2E275A77D30075528C /* Traductor.json in Resources */ = {isa = PBXBuildFile; fileRef = 20774F2D275A77D30075528C /* Traductor.json */; };
		20774F33275A77EB0075528C /* FakeWeatherResponseData.swift in Sources */ = {isa = PBXBuildFile; fileRef = 20774F32275A77EB0075528C /* FakeWeatherResponseData.swift */; };
		20774F38275A780C0075528C /* Weather.json in Resources */ = {isa = PBXBuildFile; fileRef = 20774F37275A780C0075528C /* Weather.json */; };
		20F8B1E427451679008B1518 /* WelcomeViewController.swift in Sources */ = {isa = PBXBuildFile; fileRef = 20F8B1E327451678008B1518 /* WelcomeViewController.swift */; };
		20F8B1F1274518A7008B1518 /* WeatherViewController.swift in Sources */ = {isa = PBXBuildFile; fileRef = 20F8B1F0274518A7008B1518 /* WeatherViewController.swift */; };
		20F8B1F627451BC3008B1518 /* ChangeRateViewController.swift in Sources */ = {isa = PBXBuildFile; fileRef = 20F8B1F527451BC3008B1518 /* ChangeRateViewController.swift */; };
		20F8B1FB27451BE4008B1518 /* TraductorViewController.swift in Sources */ = {isa = PBXBuildFile; fileRef = 20F8B1FA27451BE4008B1518 /* TraductorViewController.swift */; };
		20F8B203274BDDA7008B1518 /* ChangeRateService.swift in Sources */ = {isa = PBXBuildFile; fileRef = 20F8B202274BDDA7008B1518 /* ChangeRateService.swift */; };
		20F8B208274BDDCA008B1518 /* TraductorService.swift in Sources */ = {isa = PBXBuildFile; fileRef = 20F8B207274BDDCA008B1518 /* TraductorService.swift */; };
		20F8B20D274BDDE2008B1518 /* WeatherService.swift in Sources */ = {isa = PBXBuildFile; fileRef = 20F8B20C274BDDE2008B1518 /* WeatherService.swift */; };
		20F8B212274BE595008B1518 /* ChangeRate.swift in Sources */ = {isa = PBXBuildFile; fileRef = 20F8B211274BE595008B1518 /* ChangeRate.swift */; };
/* End PBXBuildFile section */

/* Begin PBXContainerItemProxy section */
		201D6BF82742B62400C11EB1 /* PBXContainerItemProxy */ = {
			isa = PBXContainerItemProxy;
			containerPortal = 201D6BD92742B61800C11EB1 /* Project object */;
			proxyType = 1;
			remoteGlobalIDString = 201D6BE02742B61800C11EB1;
			remoteInfo = "Le Baluchon";
		};
/* End PBXContainerItemProxy section */

/* Begin PBXFileReference section */
		201D6BE12742B61800C11EB1 /* Le Baluchon.app */ = {isa = PBXFileReference; explicitFileType = wrapper.application; includeInIndex = 0; path = "Le Baluchon.app"; sourceTree = BUILT_PRODUCTS_DIR; };
		201D6BE42742B61800C11EB1 /* AppDelegate.swift */ = {isa = PBXFileReference; lastKnownFileType = sourcecode.swift; path = AppDelegate.swift; sourceTree = "<group>"; };
		201D6BE62742B61800C11EB1 /* SceneDelegate.swift */ = {isa = PBXFileReference; lastKnownFileType = sourcecode.swift; path = SceneDelegate.swift; sourceTree = "<group>"; };
		201D6BEB2742B61800C11EB1 /* Base */ = {isa = PBXFileReference; lastKnownFileType = file.storyboard; name = Base; path = Base.lproj/Main.storyboard; sourceTree = "<group>"; };
		201D6BED2742B62300C11EB1 /* Assets.xcassets */ = {isa = PBXFileReference; lastKnownFileType = folder.assetcatalog; path = Assets.xcassets; sourceTree = "<group>"; };
		201D6BF02742B62300C11EB1 /* Base */ = {isa = PBXFileReference; lastKnownFileType = file.storyboard; name = Base; path = Base.lproj/LaunchScreen.storyboard; sourceTree = "<group>"; };
		201D6BF22742B62300C11EB1 /* Info.plist */ = {isa = PBXFileReference; lastKnownFileType = text.plist.xml; path = Info.plist; sourceTree = "<group>"; };
		201D6BF72742B62400C11EB1 /* Le BaluchonTests.xctest */ = {isa = PBXFileReference; explicitFileType = wrapper.cfbundle; includeInIndex = 0; path = "Le BaluchonTests.xctest"; sourceTree = BUILT_PRODUCTS_DIR; };
		201D6BFD2742B62400C11EB1 /* Info.plist */ = {isa = PBXFileReference; lastKnownFileType = text.plist.xml; path = Info.plist; sourceTree = "<group>"; };
		201D6C212742CBF200C11EB1 /* Nickainley-Normal.otf */ = {isa = PBXFileReference; lastKnownFileType = file; path = "Nickainley-Normal.otf"; sourceTree = "<group>"; };
		202CBD6227FDCBB20004ED95 /* AspectSettings.swift */ = {isa = PBXFileReference; lastKnownFileType = sourcecode.swift; path = AspectSettings.swift; sourceTree = "<group>"; };
		202CBD6E27FDD41B0004ED95 /* Currency.swift */ = {isa = PBXFileReference; lastKnownFileType = sourcecode.swift; path = Currency.swift; sourceTree = "<group>"; };
		202CBD7427FDD46F0004ED95 /* Language.swift */ = {isa = PBXFileReference; lastKnownFileType = sourcecode.swift; path = Language.swift; sourceTree = "<group>"; };
		202CBD7827FDD4BC0004ED95 /* CityCode.swift */ = {isa = PBXFileReference; lastKnownFileType = sourcecode.swift; path = CityCode.swift; sourceTree = "<group>"; };
		20774ED7275519B70075528C /* Traductor.swift */ = {isa = PBXFileReference; lastKnownFileType = sourcecode.swift; path = Traductor.swift; sourceTree = "<group>"; };
		20774EE02757BD6D0075528C /* Weather.swift */ = {isa = PBXFileReference; lastKnownFileType = sourcecode.swift; path = Weather.swift; sourceTree = "<group>"; };
		20774EE8275960C60075528C /* String+Extension.swift */ = {isa = PBXFileReference; lastKnownFileType = sourcecode.swift; path = "String+Extension.swift"; sourceTree = "<group>"; };
		20774EF0275A360D0075528C /* ChangeRateServiceTestCase.swift */ = {isa = PBXFileReference; lastKnownFileType = sourcecode.swift; path = ChangeRateServiceTestCase.swift; sourceTree = "<group>"; };
		20774EF8275A362C0075528C /* TraductorServiceTestCase.swift */ = {isa = PBXFileReference; lastKnownFileType = sourcecode.swift; path = TraductorServiceTestCase.swift; sourceTree = "<group>"; };
		20774EFD275A364D0075528C /* WeatherServiceTestCase.swift */ = {isa = PBXFileReference; lastKnownFileType = sourcecode.swift; path = WeatherServiceTestCase.swift; sourceTree = "<group>"; };
		20774F0D275A65D50075528C /* URLSessionFake.swift */ = {isa = PBXFileReference; lastKnownFileType = sourcecode.swift; path = URLSessionFake.swift; sourceTree = "<group>"; };
		20774F18275A756B0075528C /* ChangeRate.json */ = {isa = PBXFileReference; lastKnownFileType = text.json; path = ChangeRate.json; sourceTree = "<group>"; };
		20774F20275A75EA0075528C /* FakeChangeRateResponseData.swift */ = {isa = PBXFileReference; lastKnownFileType = sourcecode.swift; path = FakeChangeRateResponseData.swift; sourceTree = "<group>"; };
		20774F25275A77BD0075528C /* FakeTraductorResponseData.swift */ = {isa = PBXFileReference; lastKnownFileType = sourcecode.swift; path = FakeTraductorResponseData.swift; sourceTree = "<group>"; };
		20774F2D275A77D30075528C /* Traductor.json */ = {isa = PBXFileReference; lastKnownFileType = text.json; path = Traductor.json; sourceTree = "<group>"; };
		20774F32275A77EB0075528C /* FakeWeatherResponseData.swift */ = {isa = PBXFileReference; lastKnownFileType = sourcecode.swift; name = FakeWeatherResponseData.swift; path = "Le BaluchonTests/TraductorTests/FakeWeatherResponseData.swift"; sourceTree = SOURCE_ROOT; };
		20774F37275A780C0075528C /* Weather.json */ = {isa = PBXFileReference; lastKnownFileType = text.json; path = Weather.json; sourceTree = "<group>"; };
		20F8B1E327451678008B1518 /* WelcomeViewController.swift */ = {isa = PBXFileReference; lastKnownFileType = sourcecode.swift; path = WelcomeViewController.swift; sourceTree = SOURCE_ROOT; };
		20F8B1F0274518A7008B1518 /* WeatherViewController.swift */ = {isa = PBXFileReference; lastKnownFileType = sourcecode.swift; name = WeatherViewController.swift; path = "Le Baluchon/View/WeatherViewController.swift"; sourceTree = SOURCE_ROOT; };
		20F8B1F527451BC3008B1518 /* ChangeRateViewController.swift */ = {isa = PBXFileReference; lastKnownFileType = sourcecode.swift; path = ChangeRateViewController.swift; sourceTree = "<group>"; };
		20F8B1FA27451BE4008B1518 /* TraductorViewController.swift */ = {isa = PBXFileReference; lastKnownFileType = sourcecode.swift; path = TraductorViewController.swift; sourceTree = "<group>"; };
		20F8B202274BDDA7008B1518 /* ChangeRateService.swift */ = {isa = PBXFileReference; lastKnownFileType = sourcecode.swift; name = ChangeRateService.swift; path = "Le Baluchon/Model/ChangeRate/ChangeRateService.swift"; sourceTree = SOURCE_ROOT; };
		20F8B207274BDDCA008B1518 /* TraductorService.swift */ = {isa = PBXFileReference; lastKnownFileType = sourcecode.swift; path = TraductorService.swift; sourceTree = "<group>"; };
		20F8B20C274BDDE2008B1518 /* WeatherService.swift */ = {isa = PBXFileReference; lastKnownFileType = sourcecode.swift; path = WeatherService.swift; sourceTree = "<group>"; };
		20F8B211274BE595008B1518 /* ChangeRate.swift */ = {isa = PBXFileReference; lastKnownFileType = sourcecode.swift; path = ChangeRate.swift; sourceTree = "<group>"; };
/* End PBXFileReference section */

/* Begin PBXFrameworksBuildPhase section */
		201D6BDE2742B61800C11EB1 /* Frameworks */ = {
			isa = PBXFrameworksBuildPhase;
			buildActionMask = 2147483647;
			files = (
			);
			runOnlyForDeploymentPostprocessing = 0;
		};
		201D6BF42742B62400C11EB1 /* Frameworks */ = {
			isa = PBXFrameworksBuildPhase;
			buildActionMask = 2147483647;
			files = (
			);
			runOnlyForDeploymentPostprocessing = 0;
		};
/* End PBXFrameworksBuildPhase section */

/* Begin PBXGroup section */
		201D6BD82742B61800C11EB1 = {
			isa = PBXGroup;
			children = (
				201D6BE32742B61800C11EB1 /* Le Baluchon */,
				201D6BFA2742B62400C11EB1 /* Le BaluchonTests */,
				201D6BE22742B61800C11EB1 /* Products */,
			);
			sourceTree = "<group>";
		};
		201D6BE22742B61800C11EB1 /* Products */ = {
			isa = PBXGroup;
			children = (
				201D6BE12742B61800C11EB1 /* Le Baluchon.app */,
				201D6BF72742B62400C11EB1 /* Le BaluchonTests.xctest */,
			);
			name = Products;
			sourceTree = "<group>";
		};
		201D6BE32742B61800C11EB1 /* Le Baluchon */ = {
			isa = PBXGroup;
			children = (
				201D6C1A2742B86900C11EB1 /* Model */,
				201D6C1B2742B87300C11EB1 /* View */,
				201D6C1C2742B87C00C11EB1 /* Controller */,
				201D6C1D2742B88900C11EB1 /* Supporting files */,
			);
			path = "Le Baluchon";
			sourceTree = "<group>";
		};
		201D6BFA2742B62400C11EB1 /* Le BaluchonTests */ = {
			isa = PBXGroup;
			children = (
				20774F0D275A65D50075528C /* URLSessionFake.swift */,
				20774F12275A733B0075528C /* ChangeRateTests */,
				20774F13275A73660075528C /* TraductorTests */,
				20774F14275A73750075528C /* WeatherTests */,
				201D6BFD2742B62400C11EB1 /* Info.plist */,
			);
			path = "Le BaluchonTests";
			sourceTree = "<group>";
		};
		201D6C1A2742B86900C11EB1 /* Model */ = {
			isa = PBXGroup;
			children = (
				20774F15275A73A40075528C /* ChangeRate */,
				20774F16275A73C10075528C /* Traductor */,
				20774F17275A73D00075528C /* Weather */,
			);
			path = Model;
			sourceTree = "<group>";
		};
		201D6C1B2742B87300C11EB1 /* View */ = {
			isa = PBXGroup;
			children = (
				201D6BEA2742B61800C11EB1 /* Main.storyboard */,
			);
			path = View;
			sourceTree = "<group>";
		};
		201D6C1C2742B87C00C11EB1 /* Controller */ = {
			isa = PBXGroup;
			children = (
				202CBD6227FDCBB20004ED95 /* AspectSettings.swift */,
				20F8B1F527451BC3008B1518 /* ChangeRateViewController.swift */,
				20F8B1F0274518A7008B1518 /* WeatherViewController.swift */,
				20F8B1FA27451BE4008B1518 /* TraductorViewController.swift */,
				20F8B1E327451678008B1518 /* WelcomeViewController.swift */,
				20774EE8275960C60075528C /* String+Extension.swift */,
			);
			path = Controller;
			sourceTree = "<group>";
		};
		201D6C1D2742B88900C11EB1 /* Supporting files */ = {
			isa = PBXGroup;
			children = (
				201D6BF22742B62300C11EB1 /* Info.plist */,
				201D6BEF2742B62300C11EB1 /* LaunchScreen.storyboard */,
				201D6BED2742B62300C11EB1 /* Assets.xcassets */,
				201D6BE62742B61800C11EB1 /* SceneDelegate.swift */,
				201D6C212742CBF200C11EB1 /* Nickainley-Normal.otf */,
				201D6BE42742B61800C11EB1 /* AppDelegate.swift */,
			);
			path = "Supporting files";
			sourceTree = "<group>";
		};
		20774F12275A733B0075528C /* ChangeRateTests */ = {
			isa = PBXGroup;
			children = (
				20774EF0275A360D0075528C /* ChangeRateServiceTestCase.swift */,
				20774F20275A75EA0075528C /* FakeChangeRateResponseData.swift */,
				20774F18275A756B0075528C /* ChangeRate.json */,
			);
			path = ChangeRateTests;
			sourceTree = "<group>";
		};
		20774F13275A73660075528C /* TraductorTests */ = {
			isa = PBXGroup;
			children = (
				20774EF8275A362C0075528C /* TraductorServiceTestCase.swift */,
				20774F25275A77BD0075528C /* FakeTraductorResponseData.swift */,
				20774F2D275A77D30075528C /* Traductor.json */,
			);
			path = TraductorTests;
			sourceTree = "<group>";
		};
		20774F14275A73750075528C /* WeatherTests */ = {
			isa = PBXGroup;
			children = (
				20774EFD275A364D0075528C /* WeatherServiceTestCase.swift */,
				20774F32275A77EB0075528C /* FakeWeatherResponseData.swift */,
				20774F37275A780C0075528C /* Weather.json */,
			);
			path = WeatherTests;
			sourceTree = "<group>";
		};
		20774F15275A73A40075528C /* ChangeRate */ = {
			isa = PBXGroup;
			children = (
				202CBD6E27FDD41B0004ED95 /* Currency.swift */,
				20F8B211274BE595008B1518 /* ChangeRate.swift */,
				20F8B202274BDDA7008B1518 /* ChangeRateService.swift */,
			);
			path = ChangeRate;
			sourceTree = "<group>";
		};
		20774F16275A73C10075528C /* Traductor */ = {
			isa = PBXGroup;
			children = (
				202CBD7427FDD46F0004ED95 /* Language.swift */,
				20774ED7275519B70075528C /* Traductor.swift */,
				20F8B207274BDDCA008B1518 /* TraductorService.swift */,
			);
			path = Traductor;
			sourceTree = "<group>";
		};
		20774F17275A73D00075528C /* Weather */ = {
			isa = PBXGroup;
			children = (
				202CBD7827FDD4BC0004ED95 /* CityCode.swift */,
				20774EE02757BD6D0075528C /* Weather.swift */,
				20F8B20C274BDDE2008B1518 /* WeatherService.swift */,
			);
			path = Weather;
			sourceTree = "<group>";
		};
/* End PBXGroup section */

/* Begin PBXNativeTarget section */
		201D6BE02742B61800C11EB1 /* Le Baluchon */ = {
			isa = PBXNativeTarget;
			buildConfigurationList = 201D6C0B2742B62400C11EB1 /* Build configuration list for PBXNativeTarget "Le Baluchon" */;
			buildPhases = (
				201D6BDD2742B61800C11EB1 /* Sources */,
				201D6BDE2742B61800C11EB1 /* Frameworks */,
				201D6BDF2742B61800C11EB1 /* Resources */,
			);
			buildRules = (
			);
			dependencies = (
			);
			name = "Le Baluchon";
			productName = "Le Baluchon";
			productReference = 201D6BE12742B61800C11EB1 /* Le Baluchon.app */;
			productType = "com.apple.product-type.application";
		};
		201D6BF62742B62400C11EB1 /* Le BaluchonTests */ = {
			isa = PBXNativeTarget;
			buildConfigurationList = 201D6C0E2742B62400C11EB1 /* Build configuration list for PBXNativeTarget "Le BaluchonTests" */;
			buildPhases = (
				201D6BF32742B62400C11EB1 /* Sources */,
				201D6BF42742B62400C11EB1 /* Frameworks */,
				201D6BF52742B62400C11EB1 /* Resources */,
			);
			buildRules = (
			);
			dependencies = (
				201D6BF92742B62400C11EB1 /* PBXTargetDependency */,
			);
			name = "Le BaluchonTests";
			productName = "Le BaluchonTests";
			productReference = 201D6BF72742B62400C11EB1 /* Le BaluchonTests.xctest */;
			productType = "com.apple.product-type.bundle.unit-test";
		};
/* End PBXNativeTarget section */

/* Begin PBXProject section */
		201D6BD92742B61800C11EB1 /* Project object */ = {
			isa = PBXProject;
			attributes = {
				LastSwiftUpdateCheck = 1240;
				LastUpgradeCheck = 1240;
				TargetAttributes = {
					201D6BE02742B61800C11EB1 = {
						CreatedOnToolsVersion = 12.4;
					};
					201D6BF62742B62400C11EB1 = {
						CreatedOnToolsVersion = 12.4;
						TestTargetID = 201D6BE02742B61800C11EB1;
					};
				};
			};
			buildConfigurationList = 201D6BDC2742B61800C11EB1 /* Build configuration list for PBXProject "Le Baluchon" */;
			compatibilityVersion = "Xcode 9.3";
			developmentRegion = en;
			hasScannedForEncodings = 0;
			knownRegions = (
				en,
				Base,
			);
			mainGroup = 201D6BD82742B61800C11EB1;
			productRefGroup = 201D6BE22742B61800C11EB1 /* Products */;
			projectDirPath = "";
			projectRoot = "";
			targets = (
				201D6BE02742B61800C11EB1 /* Le Baluchon */,
				201D6BF62742B62400C11EB1 /* Le BaluchonTests */,
			);
		};
/* End PBXProject section */

/* Begin PBXResourcesBuildPhase section */
		201D6BDF2742B61800C11EB1 /* Resources */ = {
			isa = PBXResourcesBuildPhase;
			buildActionMask = 2147483647;
			files = (
				201D6BF12742B62300C11EB1 /* LaunchScreen.storyboard in Resources */,
				201D6C222742CBF300C11EB1 /* Nickainley-Normal.otf in Resources */,
				201D6BEE2742B62300C11EB1 /* Assets.xcassets in Resources */,
				201D6BEC2742B61800C11EB1 /* Main.storyboard in Resources */,
			);
			runOnlyForDeploymentPostprocessing = 0;
		};
		201D6BF52742B62400C11EB1 /* Resources */ = {
			isa = PBXResourcesBuildPhase;
			buildActionMask = 2147483647;
			files = (
				20774F2E275A77D30075528C /* Traductor.json in Resources */,
				20774F38275A780C0075528C /* Weather.json in Resources */,
				20774F19275A756B0075528C /* ChangeRate.json in Resources */,
			);
			runOnlyForDeploymentPostprocessing = 0;
		};
/* End PBXResourcesBuildPhase section */

/* Begin PBXSourcesBuildPhase section */
		201D6BDD2742B61800C11EB1 /* Sources */ = {
			isa = PBXSourcesBuildPhase;
			buildActionMask = 2147483647;
			files = (
				20F8B1E427451679008B1518 /* WelcomeViewController.swift in Sources */,
				20F8B20D274BDDE2008B1518 /* WeatherService.swift in Sources */,
				20F8B1F627451BC3008B1518 /* ChangeRateViewController.swift in Sources */,
				20F8B208274BDDCA008B1518 /* TraductorService.swift in Sources */,
				202CBD7927FDD4BC0004ED95 /* CityCode.swift in Sources */,
				20774EE12757BD6D0075528C /* Weather.swift in Sources */,
				20F8B203274BDDA7008B1518 /* ChangeRateService.swift in Sources */,
				202CBD6F27FDD41B0004ED95 /* Currency.swift in Sources */,
				20774EE9275960C60075528C /* String+Extension.swift in Sources */,
				20F8B212274BE595008B1518 /* ChangeRate.swift in Sources */,
				20F8B1F1274518A7008B1518 /* WeatherViewController.swift in Sources */,
				201D6BE52742B61800C11EB1 /* AppDelegate.swift in Sources */,
				202CBD6327FDCBB20004ED95 /* AspectSettings.swift in Sources */,
				201D6BE72742B61800C11EB1 /* SceneDelegate.swift in Sources */,
				202CBD7527FDD46F0004ED95 /* Language.swift in Sources */,
				20774ED8275519B70075528C /* Traductor.swift in Sources */,
				20F8B1FB27451BE4008B1518 /* TraductorViewController.swift in Sources */,
			);
			runOnlyForDeploymentPostprocessing = 0;
		};
		201D6BF32742B62400C11EB1 /* Sources */ = {
			isa = PBXSourcesBuildPhase;
			buildActionMask = 2147483647;
			files = (
				20774F33275A77EB0075528C /* FakeWeatherResponseData.swift in Sources */,
				20774F26275A77BD0075528C /* FakeTraductorResponseData.swift in Sources */,
				20774EFE275A364D0075528C /* WeatherServiceTestCase.swift in Sources */,
				20774F0E275A65D50075528C /* URLSessionFake.swift in Sources */,
				20774F21275A75EA0075528C /* FakeChangeRateResponseData.swift in Sources */,
				20774EF9275A362C0075528C /* TraductorServiceTestCase.swift in Sources */,
				20774EF1275A360D0075528C /* ChangeRateServiceTestCase.swift in Sources */,
			);
			runOnlyForDeploymentPostprocessing = 0;
		};
/* End PBXSourcesBuildPhase section */

/* Begin PBXTargetDependency section */
		201D6BF92742B62400C11EB1 /* PBXTargetDependency */ = {
			isa = PBXTargetDependency;
			target = 201D6BE02742B61800C11EB1 /* Le Baluchon */;
			targetProxy = 201D6BF82742B62400C11EB1 /* PBXContainerItemProxy */;
		};
/* End PBXTargetDependency section */

/* Begin PBXVariantGroup section */
		201D6BEA2742B61800C11EB1 /* Main.storyboard */ = {
			isa = PBXVariantGroup;
			children = (
				201D6BEB2742B61800C11EB1 /* Base */,
			);
			name = Main.storyboard;
			sourceTree = "<group>";
		};
		201D6BEF2742B62300C11EB1 /* LaunchScreen.storyboard */ = {
			isa = PBXVariantGroup;
			children = (
				201D6BF02742B62300C11EB1 /* Base */,
			);
			name = LaunchScreen.storyboard;
			sourceTree = "<group>";
		};
/* End PBXVariantGroup section */

/* Begin XCBuildConfiguration section */
		201D6C092742B62400C11EB1 /* Debug */ = {
			isa = XCBuildConfiguration;
			buildSettings = {
				ALWAYS_SEARCH_USER_PATHS = NO;
				CLANG_ANALYZER_NONNULL = YES;
				CLANG_ANALYZER_NUMBER_OBJECT_CONVERSION = YES_AGGRESSIVE;
				CLANG_CXX_LANGUAGE_STANDARD = "gnu++14";
				CLANG_CXX_LIBRARY = "libc++";
				CLANG_ENABLE_MODULES = YES;
				CLANG_ENABLE_OBJC_ARC = YES;
				CLANG_ENABLE_OBJC_WEAK = YES;
				CLANG_WARN_BLOCK_CAPTURE_AUTORELEASING = YES;
				CLANG_WARN_BOOL_CONVERSION = YES;
				CLANG_WARN_COMMA = YES;
				CLANG_WARN_CONSTANT_CONVERSION = YES;
				CLANG_WARN_DEPRECATED_OBJC_IMPLEMENTATIONS = YES;
				CLANG_WARN_DIRECT_OBJC_ISA_USAGE = YES_ERROR;
				CLANG_WARN_DOCUMENTATION_COMMENTS = YES;
				CLANG_WARN_EMPTY_BODY = YES;
				CLANG_WARN_ENUM_CONVERSION = YES;
				CLANG_WARN_INFINITE_RECURSION = YES;
				CLANG_WARN_INT_CONVERSION = YES;
				CLANG_WARN_NON_LITERAL_NULL_CONVERSION = YES;
				CLANG_WARN_OBJC_IMPLICIT_RETAIN_SELF = YES;
				CLANG_WARN_OBJC_LITERAL_CONVERSION = YES;
				CLANG_WARN_OBJC_ROOT_CLASS = YES_ERROR;
				CLANG_WARN_QUOTED_INCLUDE_IN_FRAMEWORK_HEADER = YES;
				CLANG_WARN_RANGE_LOOP_ANALYSIS = YES;
				CLANG_WARN_STRICT_PROTOTYPES = YES;
				CLANG_WARN_SUSPICIOUS_MOVE = YES;
				CLANG_WARN_UNGUARDED_AVAILABILITY = YES_AGGRESSIVE;
				CLANG_WARN_UNREACHABLE_CODE = YES;
				CLANG_WARN__DUPLICATE_METHOD_MATCH = YES;
				COPY_PHASE_STRIP = NO;
				DEBUG_INFORMATION_FORMAT = dwarf;
				ENABLE_STRICT_OBJC_MSGSEND = YES;
				ENABLE_TESTABILITY = YES;
				GCC_C_LANGUAGE_STANDARD = gnu11;
				GCC_DYNAMIC_NO_PIC = NO;
				GCC_NO_COMMON_BLOCKS = YES;
				GCC_OPTIMIZATION_LEVEL = 0;
				GCC_PREPROCESSOR_DEFINITIONS = (
					"DEBUG=1",
					"$(inherited)",
				);
				GCC_WARN_64_TO_32_BIT_CONVERSION = YES;
				GCC_WARN_ABOUT_RETURN_TYPE = YES_ERROR;
				GCC_WARN_UNDECLARED_SELECTOR = YES;
				GCC_WARN_UNINITIALIZED_AUTOS = YES_AGGRESSIVE;
				GCC_WARN_UNUSED_FUNCTION = YES;
				GCC_WARN_UNUSED_VARIABLE = YES;
				IPHONEOS_DEPLOYMENT_TARGET = 14.4;
				MTL_ENABLE_DEBUG_INFO = INCLUDE_SOURCE;
				MTL_FAST_MATH = YES;
				ONLY_ACTIVE_ARCH = YES;
				SDKROOT = iphoneos;
				SWIFT_ACTIVE_COMPILATION_CONDITIONS = DEBUG;
				SWIFT_OPTIMIZATION_LEVEL = "-Onone";
			};
			name = Debug;
		};
		201D6C0A2742B62400C11EB1 /* Release */ = {
			isa = XCBuildConfiguration;
			buildSettings = {
				ALWAYS_SEARCH_USER_PATHS = NO;
				CLANG_ANALYZER_NONNULL = YES;
				CLANG_ANALYZER_NUMBER_OBJECT_CONVERSION = YES_AGGRESSIVE;
				CLANG_CXX_LANGUAGE_STANDARD = "gnu++14";
				CLANG_CXX_LIBRARY = "libc++";
				CLANG_ENABLE_MODULES = YES;
				CLANG_ENABLE_OBJC_ARC = YES;
				CLANG_ENABLE_OBJC_WEAK = YES;
				CLANG_WARN_BLOCK_CAPTURE_AUTORELEASING = YES;
				CLANG_WARN_BOOL_CONVERSION = YES;
				CLANG_WARN_COMMA = YES;
				CLANG_WARN_CONSTANT_CONVERSION = YES;
				CLANG_WARN_DEPRECATED_OBJC_IMPLEMENTATIONS = YES;
				CLANG_WARN_DIRECT_OBJC_ISA_USAGE = YES_ERROR;
				CLANG_WARN_DOCUMENTATION_COMMENTS = YES;
				CLANG_WARN_EMPTY_BODY = YES;
				CLANG_WARN_ENUM_CONVERSION = YES;
				CLANG_WARN_INFINITE_RECURSION = YES;
				CLANG_WARN_INT_CONVERSION = YES;
				CLANG_WARN_NON_LITERAL_NULL_CONVERSION = YES;
				CLANG_WARN_OBJC_IMPLICIT_RETAIN_SELF = YES;
				CLANG_WARN_OBJC_LITERAL_CONVERSION = YES;
				CLANG_WARN_OBJC_ROOT_CLASS = YES_ERROR;
				CLANG_WARN_QUOTED_INCLUDE_IN_FRAMEWORK_HEADER = YES;
				CLANG_WARN_RANGE_LOOP_ANALYSIS = YES;
				CLANG_WARN_STRICT_PROTOTYPES = YES;
				CLANG_WARN_SUSPICIOUS_MOVE = YES;
				CLANG_WARN_UNGUARDED_AVAILABILITY = YES_AGGRESSIVE;
				CLANG_WARN_UNREACHABLE_CODE = YES;
				CLANG_WARN__DUPLICATE_METHOD_MATCH = YES;
				COPY_PHASE_STRIP = NO;
				DEBUG_INFORMATION_FORMAT = "dwarf-with-dsym";
				ENABLE_NS_ASSERTIONS = NO;
				ENABLE_STRICT_OBJC_MSGSEND = YES;
				GCC_C_LANGUAGE_STANDARD = gnu11;
				GCC_NO_COMMON_BLOCKS = YES;
				GCC_WARN_64_TO_32_BIT_CONVERSION = YES;
				GCC_WARN_ABOUT_RETURN_TYPE = YES_ERROR;
				GCC_WARN_UNDECLARED_SELECTOR = YES;
				GCC_WARN_UNINITIALIZED_AUTOS = YES_AGGRESSIVE;
				GCC_WARN_UNUSED_FUNCTION = YES;
				GCC_WARN_UNUSED_VARIABLE = YES;
				IPHONEOS_DEPLOYMENT_TARGET = 14.4;
				MTL_ENABLE_DEBUG_INFO = NO;
				MTL_FAST_MATH = YES;
				SDKROOT = iphoneos;
				SWIFT_COMPILATION_MODE = wholemodule;
				SWIFT_OPTIMIZATION_LEVEL = "-O";
				VALIDATE_PRODUCT = YES;
			};
			name = Release;
		};
		201D6C0C2742B62400C11EB1 /* Debug */ = {
			isa = XCBuildConfiguration;
			buildSettings = {
				ASSETCATALOG_COMPILER_APPICON_NAME = AppIcon;
				ASSETCATALOG_COMPILER_GLOBAL_ACCENT_COLOR_NAME = AccentColor;
				CODE_SIGN_STYLE = Automatic;
				DEVELOPMENT_TEAM = 3UQTFY6Z46;
				INFOPLIST_FILE = "Le Baluchon/Supporting files/Info.plist";
				IPHONEOS_DEPLOYMENT_TARGET = 14.1;
				LD_RUNPATH_SEARCH_PATHS = (
					"$(inherited)",
					"@executable_path/Frameworks",
				);
				PRODUCT_BUNDLE_IDENTIFIER = "com.jacquinlaura.Le-Baluchon";
				PRODUCT_NAME = "$(TARGET_NAME)";
				SWIFT_VERSION = 5.0;
				TARGETED_DEVICE_FAMILY = 1;
			};
			name = Debug;
		};
		201D6C0D2742B62400C11EB1 /* Release */ = {
			isa = XCBuildConfiguration;
			buildSettings = {
				ASSETCATALOG_COMPILER_APPICON_NAME = AppIcon;
				ASSETCATALOG_COMPILER_GLOBAL_ACCENT_COLOR_NAME = AccentColor;
				CODE_SIGN_STYLE = Automatic;
				DEVELOPMENT_TEAM = 3UQTFY6Z46;
				INFOPLIST_FILE = "Le Baluchon/Supporting files/Info.plist";
				IPHONEOS_DEPLOYMENT_TARGET = 14.1;
				LD_RUNPATH_SEARCH_PATHS = (
					"$(inherited)",
					"@executable_path/Frameworks",
				);
				PRODUCT_BUNDLE_IDENTIFIER = "com.jacquinlaura.Le-Baluchon";
				PRODUCT_NAME = "$(TARGET_NAME)";
				SWIFT_VERSION = 5.0;
				TARGETED_DEVICE_FAMILY = 1;
			};
			name = Release;
		};
		201D6C0F2742B62400C11EB1 /* Debug */ = {
			isa = XCBuildConfiguration;
			buildSettings = {
				ALWAYS_EMBED_SWIFT_STANDARD_LIBRARIES = YES;
				BUNDLE_LOADER = "$(TEST_HOST)";
				CODE_SIGN_STYLE = Automatic;
				DEVELOPMENT_TEAM = 3UQTFY6Z46;
				INFOPLIST_FILE = "Le BaluchonTests/Info.plist";
				IPHONEOS_DEPLOYMENT_TARGET = 14.4;
				LD_RUNPATH_SEARCH_PATHS = (
					"$(inherited)",
					"@executable_path/Frameworks",
					"@loader_path/Frameworks",
				);
				PRODUCT_BUNDLE_IDENTIFIER = "com.jacquinlaura.Le-BaluchonTests";
				PRODUCT_NAME = "$(TARGET_NAME)";
				SWIFT_VERSION = 5.0;
				TARGETED_DEVICE_FAMILY = "1,2";
				TEST_HOST = "$(BUILT_PRODUCTS_DIR)/Le Baluchon.app/Le Baluchon";
			};
			name = Debug;
		};
		201D6C102742B62400C11EB1 /* Release */ = {
			isa = XCBuildConfiguration;
			buildSettings = {
				ALWAYS_EMBED_SWIFT_STANDARD_LIBRARIES = YES;
				BUNDLE_LOADER = "$(TEST_HOST)";
				CODE_SIGN_STYLE = Automatic;
				DEVELOPMENT_TEAM = 3UQTFY6Z46;
				INFOPLIST_FILE = "Le BaluchonTests/Info.plist";
				IPHONEOS_DEPLOYMENT_TARGET = 14.4;
				LD_RUNPATH_SEARCH_PATHS = (
					"$(inherited)",
					"@executable_path/Frameworks",
					"@loader_path/Frameworks",
				);
				PRODUCT_BUNDLE_IDENTIFIER = "com.jacquinlaura.Le-BaluchonTests";
				PRODUCT_NAME = "$(TARGET_NAME)";
				SWIFT_VERSION = 5.0;
				TARGETED_DEVICE_FAMILY = "1,2";
				TEST_HOST = "$(BUILT_PRODUCTS_DIR)/Le Baluchon.app/Le Baluchon";
			};
			name = Release;
		};
/* End XCBuildConfiguration section */

/* Begin XCConfigurationList section */
		201D6BDC2742B61800C11EB1 /* Build configuration list for PBXProject "Le Baluchon" */ = {
			isa = XCConfigurationList;
			buildConfigurations = (
				201D6C092742B62400C11EB1 /* Debug */,
				201D6C0A2742B62400C11EB1 /* Release */,
			);
			defaultConfigurationIsVisible = 0;
			defaultConfigurationName = Release;
		};
		201D6C0B2742B62400C11EB1 /* Build configuration list for PBXNativeTarget "Le Baluchon" */ = {
			isa = XCConfigurationList;
			buildConfigurations = (
				201D6C0C2742B62400C11EB1 /* Debug */,
				201D6C0D2742B62400C11EB1 /* Release */,
			);
			defaultConfigurationIsVisible = 0;
			defaultConfigurationName = Release;
		};
		201D6C0E2742B62400C11EB1 /* Build configuration list for PBXNativeTarget "Le BaluchonTests" */ = {
			isa = XCConfigurationList;
			buildConfigurations = (
				201D6C0F2742B62400C11EB1 /* Debug */,
				201D6C102742B62400C11EB1 /* Release */,
			);
			defaultConfigurationIsVisible = 0;
			defaultConfigurationName = Release;
		};
/* End XCConfigurationList section */
	};
	rootObject = 201D6BD92742B61800C11EB1 /* Project object */;
}
